
Microsoft Visual Studio Solution File, Format Version 12.00
# Visual Studio Version 16
VisualStudioVersion = 16.0.28729.10
MinimumVisualStudioVersion = 10.0.40219.1
Project("{FAE04EC0-301F-11D3-BF4B-00C04F79EFBC}") = "OnlineShopping", "OnlineShopping.csproj", "{4F7C68A4-EA71-4C98-A5CD-B1975CA8B9B5}"
EndProject
Project("{2150E333-8FDC-42A3-9474-1A3956D46DE8}") = "Scripts", "Scripts", "{B4A95A29-9BC5-4F32-BC42-AC2361501265}"
EndProject
Project("{2150E333-8FDC-42A3-9474-1A3956D46DE8}") = "Udt", "Udt", "{DC12BD5A-5217-4910-A3F3-258260DD8EE0}"
EndProject
Project("{2150E333-8FDC-42A3-9474-1A3956D46DE8}") = "Usp", "Usp", "{4935A62F-65DD-488C-AC56-F69630B7B826}"
EndProject
Project("{2150E333-8FDC-42A3-9474-1A3956D46DE8}") = "Category", "Category", "{CBB479BC-7AC7-4680-9295-8FEE4EC2A694}"
	ProjectSection(SolutionItems) = preProject
		usp_Delete_Category.sql = usp_Delete_Category.sql
		usp_Insert_Category.sql = usp_Insert_Category.sql
		usp_Select_Category.sql = usp_Select_Category.sql
		usp_Update_Category.sql = usp_Update_Category.sql
	EndProjectSection
EndProject
Project("{2150E333-8FDC-42A3-9474-1A3956D46DE8}") = "Tables", "Tables", "{7990A17F-2ABB-4946-8C76-4D78143A6EB7}"
	ProjectSection(SolutionItems) = preProject
		usp_Create_Category_Table.sql = usp_Create_Category_Table.sql
		usp_Create_Person_Table.sql = usp_Create_Person_Table.sql
		usp_Create_Product_Table.sql = usp_Create_Product_Table.sql
	EndProjectSection
EndProject
Project("{2150E333-8FDC-42A3-9474-1A3956D46DE8}") = "Category", "Category", "{1A7AECA1-3336-4431-95A0-23139AB9E6CC}"
	ProjectSection(SolutionItems) = preProject
		udt_Delete_Category.sql = udt_Delete_Category.sql
		udt_Insert_Category.sql = udt_Insert_Category.sql
		udt_Update_Category.sql = udt_Update_Category.sql
	EndProjectSection
EndProject
Project("{2150E333-8FDC-42A3-9474-1A3956D46DE8}") = "Product", "Product", "{B0121BA1-295E-41D0-B632-190B95A068F4}"
	ProjectSection(SolutionItems) = preProject
		usp_Select_CategoryName.sql = usp_Select_CategoryName.sql
	EndProjectSection
EndProject
Global
	GlobalSection(SolutionConfigurationPlatforms) = preSolution
		Debug|Any CPU = Debug|Any CPU
		Release|Any CPU = Release|Any CPU
	EndGlobalSection
	GlobalSection(ProjectConfigurationPlatforms) = postSolution
		{4F7C68A4-EA71-4C98-A5CD-B1975CA8B9B5}.Debug|Any CPU.ActiveCfg = Debug|Any CPU
		{4F7C68A4-EA71-4C98-A5CD-B1975CA8B9B5}.Debug|Any CPU.Build.0 = Debug|Any CPU
		{4F7C68A4-EA71-4C98-A5CD-B1975CA8B9B5}.Release|Any CPU.ActiveCfg = Release|Any CPU
		{4F7C68A4-EA71-4C98-A5CD-B1975CA8B9B5}.Release|Any CPU.Build.0 = Release|Any CPU
	EndGlobalSection
	GlobalSection(SolutionProperties) = preSolution
		HideSolutionNode = FALSE
	EndGlobalSection
	GlobalSection(NestedProjects) = preSolution
		{DC12BD5A-5217-4910-A3F3-258260DD8EE0} = {B4A95A29-9BC5-4F32-BC42-AC2361501265}
		{4935A62F-65DD-488C-AC56-F69630B7B826} = {B4A95A29-9BC5-4F32-BC42-AC2361501265}
		{CBB479BC-7AC7-4680-9295-8FEE4EC2A694} = {4935A62F-65DD-488C-AC56-F69630B7B826}
		{7990A17F-2ABB-4946-8C76-4D78143A6EB7} = {4935A62F-65DD-488C-AC56-F69630B7B826}
		{1A7AECA1-3336-4431-95A0-23139AB9E6CC} = {DC12BD5A-5217-4910-A3F3-258260DD8EE0}
		{B0121BA1-295E-41D0-B632-190B95A068F4} = {4935A62F-65DD-488C-AC56-F69630B7B826}
	EndGlobalSection
	GlobalSection(ExtensibilityGlobals) = postSolution
		SolutionGuid = {EFD50B3C-CF59-4D7A-957C-C426857481A0}
	EndGlobalSection
EndGlobal
